[[package]]
category = "dev"
platform = "*"
version = "18.1.0"
name = "attrs"
python-versions = "*"
optional = false
description = "Classes Without Boilerplate"

[[package]]
category = "main"
platform = "*"
version = "6.7"
name = "click"
python-versions = "*"
optional = false
description = "A simple wrapper around optparse for powerful command line utilities."

[[package]]
category = "dev"
platform = "UNKNOWN"
version = "0.3.9"
name = "colorama"
python-versions = "*"
optional = false
description = "Cross-platform colored terminal text."

[package.requirements]
platform = "win32"
[[package]]
category = "main"
platform = "*"
version = "2.11.1"
name = "factory-boy"
python-versions = ">=2.7, !=3.0.*, !=3.1.*, !=3.2.*, !=3.3.*"
optional = false
description = "A versatile test fixtures replacement based on thoughtbot's factory_bot for Ruby."

[package.dependencies]
Faker = ">= 0.7.0.0"
[[package]]
category = "main"
platform = "any"
version = "0.8.13"
name = "faker"
python-versions = ">=2.7, !=3.0.*, !=3.1.*, !=3.2.*, !=3.3.*"
optional = false
description = "Faker is a Python package that generates fake data for you."

[package.dependencies]
python-dateutil = ">= 2.4.0.0"
text-unidecode = "== 1.2.0.0"
six = ">= 1.10.0.0"
ipaddress = "*"
[[package]]
category = "main"
platform = "any"
version = "1.0.2"
name = "flask"
python-versions = "*"
optional = false
description = "A simple framework for building complex web applications."

[package.dependencies]
itsdangerous = ">= 0.24.0.0"
Jinja2 = ">= 2.10.0.0"
click = ">= 5.1.0.0"
Werkzeug = ">= 0.14.0.0"
[[package]]
category = "main"
platform = "any"
version = "2.0.6"
name = "flask-script"
python-versions = "*"
optional = false
description = "Scripting support for Flask"

[package.dependencies]
Flask = "*"
[[package]]
category = "dev"
platform = "UNKNOWN"
version = "1.0.2"
name = "funcsigs"
python-versions = "*"
optional = false
description = "Python function signatures from PEP362 for Python 2.6, 2.7 and 3.2+"

[package.dependencies]
ordereddict = "*"
[package.requirements]
python = "<3.0"
[[package]]
category = "main"
platform = "*"
version = "1.0.22"
name = "ipaddress"
python-versions = "*"
optional = false
description = "IPv4/IPv6 manipulation library"

[package.requirements]
python = "~2.7"
[[package]]
category = "main"
platform = "UNKNOWN"
version = "0.24"
name = "itsdangerous"
python-versions = "*"
optional = false
description = "Various helpers to pass trusted data to untrusted environments and back."

[[package]]
category = "main"
platform = "*"
version = "2.10"
name = "jinja2"
python-versions = "*"
optional = false
description = "A small but fast and easy to use stand-alone template engine written in pure python."

[package.dependencies]
MarkupSafe = ">= 0.23.0.0"
[[package]]
category = "main"
platform = "UNKNOWN"
version = "1.0"
name = "markupsafe"
python-versions = "*"
optional = false
description = "Implements a XML/HTML/XHTML Markup safe string for Python"

[[package]]
category = "dev"
platform = "*"
version = "4.1.0"
name = "more-itertools"
python-versions = "*"
optional = false
description = "More routines for operating on iterables, beyond itertools"

[package.dependencies]
six = "< 2.0.0.0, >= 1.0.0.0"
[[package]]
category = "dev"
platform = "UNKNOWN"
version = "1.1"
name = "ordereddict"
python-versions = "*"
optional = false
description = "A drop-in substitute for Py2.7's new collections.OrderedDict that works in Python 2.4-2.6."

[package.requirements]
python = "<3.0"
[[package]]
category = "main"
platform = "unix"
version = "0.6.0"
name = "pluggy"
python-versions = ">=2.7, !=3.0.*, !=3.1.*, !=3.2.*, !=3.3.*"
optional = false
description = "plugin and hook calling mechanisms for python"

[[package]]
category = "main"
platform = "unix"
version = "1.5.3"
name = "py"
python-versions = ">=2.7, !=3.0.*, !=3.1.*, !=3.2.*, !=3.3.*"
optional = false
description = "library with cross-python path, ini-parsing, io, code, log facilities"

[[package]]
category = "dev"
platform = "unix"
version = "3.5.1"
name = "pytest"
python-versions = ">=2.7, !=3.0.*, !=3.1.*, !=3.2.*, !=3.3.*"
optional = false
description = "pytest: simple powerful testing with Python"

[package.dependencies]
more-itertools = ">= 4.0.0.0"
py = ">= 1.5.0.0"
funcsigs = "*"
six = ">= 1.10.0.0"
colorama = "*"
attrs = ">= 17.4.0.0"
setuptools = "*"
pluggy = "< 0.7.0.0, >= 0.5.0.0"
[[package]]
category = "main"
platform = "*"
version = "2.7.2"
name = "python-dateutil"
python-versions = ">=2.7, !=3.0.*, !=3.1.*, !=3.2.*"
optional = false
description = "Extensions to the standard Python datetime module"

[package.dependencies]
six = ">= 1.5.0.0"
[[package]]
category = "main"
platform = "*"
version = "1.11.0"
name = "six"
python-versions = "*"
optional = false
description = "Python 2 and 3 compatibility utilities"

[[package]]
category = "main"
platform = "*"
version = "1.2"
name = "text-unidecode"
python-versions = "*"
optional = false
description = "The most basic Text::Unidecode port"

[[package]]
category = "main"
platform = "unix"
version = "3.0.0"
name = "tox"
python-versions = ">=2.7, !=3.0.*, !=3.1.*, !=3.2.*, !=3.3.*"
optional = false
description = "virtualenv-based automation of test activities"

[package.dependencies]
virtualenv = ">= 1.11.2.0"
py = ">= 1.4.17.0"
six = "*"
pluggy = "< 1.0.0.0, >= 0.3.0.0"
[[package]]
category = "main"
platform = "*"
version = "15.2.0"
name = "virtualenv"
python-versions = "*"
optional = false
description = "Virtual Python Environment builder"

[[package]]
category = "main"
platform = "any"
version = "0.14.1"
name = "werkzeug"
python-versions = "*"
optional = false
description = "The comprehensive WSGI web application library."

[metadata]
platform = "*"
python-versions = "*"
content-hash = "564a6f34841b44661d34960fb1a0bd688bd011983d671deb3b20f98c21aa15cd"

[metadata.hashes]
more-itertools = [ "11a625025954c20145b37ff6309cd54e39ca94f72f6bb9576d1195db6fa2442e", "0dd8f72eeab0d2c3bd489025bb2f6a1b8342f9b198f6fc37b52d15cfa4531fea", "c9ce7eccdcb901a2c75d326ea134e0886abfbea5f93e91cc95de9507c0816c44",]
six = [ "832dc0e10feb1aa2c68dcc57dbb658f1c7e65b9b61af69048abc87a2db00a0eb", "70e8a77beed4562e7f14fe23a786b54f6296e34344c23bc42f07b15018ff98e9",]
funcsigs = [ "330cc27ccbf7f1e992e69fef78261dc7c6569012cf397db8d3de0234e6c937ca", "a7bb0f2cf3a3fd1ab2732cb49eba4252c2af4240442415b4abce3b87022a8f50",]
faker = [ "226d8fa67a8cf8b4007aab721f67639f130e9cfdc53a7095a2290ebb07a65c71", "48fed4b4a191e2b42ad20c14115f1c6d36d338b80192075d7573f0f42d7fb321",]
attrs = [ "4b90b09eeeb9b88c35bc642cbac057e45a5fd85367b985bd2809c62b7b939265", "e0d0eb91441a3b53dab4d9b743eafc1ac44476296a2053b6ca3af0b139faf87b",]
ordereddict = [ "1c35b4ac206cef2d24816c89f89cf289dd3d38cf7c449bb3fab7bf6d43f01b1f",]
click = [ "29f99fc6125fbc931b758dc053b3114e55c77a6e4c6c3a2674a2dc986016381d", "f15516df478d5a56180fbf80e68f206010e6d160fc39fa508b65e035fd75130b",]
virtualenv = [ "e8e05d4714a1c51a2f5921e62f547fcb0f713ebbe959e0a7f585cc8bef71d11f", "1d7e241b431e7afce47e77f8843a276f652699d1fa4f93b9d8ce0076fd7b0b54",]
tox = [ "9ee7de958a43806402a38c0d2aa07fa8553f4d2c20a15b140e9f771c2afeade0", "96efa09710a3daeeb845561ebbe1497641d9cef2ee0aea30db6969058b2bda2f",]
flask = [ "a080b744b7e345ccfcbc77954861cb05b3c63786e93f2b3875e0913d44b43f05", "2271c0070dbcb5275fad4a82e29f23ab92682dc45f9dfbc22c02ba9b9322ce48",]
py = [ "983f77f3331356039fdd792e9220b7b8ee1aa6bd2b25f567a963ff1de5a64f6a", "29c9fab495d7528e80ba1e343b958684f4ace687327e6f789a94bf3d1915f881",]
pytest = [ "829230122facf05a5f81a6d4dfe6454a04978ea3746853b2b84567ecf8e5c526", "54713b26c97538db6ff0703a12b19aeaeb60b5e599de542e7fca0ec83b9038e8",]
werkzeug = [ "d5da73735293558eb1651ee2fddc4d0dedcfa06538b8813a2e20011583c9e49b", "c3fd7a7d41976d9f44db327260e263132466836cef6f91512889ed60ad26557c",]
itsdangerous = [ "cbb3fcf8d3e33df861709ecaf89d9e6629cff0a217bc2848f1b41cd30d360519",]
factory-boy = [ "d552cb872b310ae78bd7429bf318e42e1e903b1a109e899a523293dfa762ea4f", "6f25cc4761ac109efd503f096e2ad99421b1159f01a29dbb917359dcd68e08ca",]
markupsafe = [ "a6be69091dac236ea9c6bc7d012beab42010fa914c459791d627dad4910eb665",]
colorama = [ "463f8483208e921368c9f306094eb6f725c6ca42b0f97e313cb5d5512459feda", "48eb22f4f8461b1df5734a074b57042430fb06e1d61bd1e11b078c0fe6d7a1f1",]
python-dateutil = [ "3220490fb9741e2342e1cf29a503394fdac874bc39568288717ee67047ff29df", "9d8074be4c993fbe4947878ce593052f71dac82932a677d49194d8ce9778002e",]
ipaddress = [ "64b28eec5e78e7510698f6d4da08800a5c575caa4a286c93d651c5d3ff7b6794", "b146c751ea45cad6188dd6cf2d9b757f6f4f8d6ffb96a023e6f2e26eea02a72c",]
pluggy = [ "d345c8fe681115900d6da8d048ba67c25df42973bda370783cd58826442dcd7c", "e160a7fcf25762bb60efc7e171d4497ff1d8d2d75a3d0df7a21b76821ecbf5c5", "7f8ae7f5bdf75671a718d2daf0a64b7885f74510bcd98b1a0bb420eb9a9d0cff",]
flask-script = [ "6425963d91054cfcc185807141c7314a9c5ad46325911bd24dcb489bd0161c65",]
jinja2 = [ "74c935a1b8bb9a3947c50a54766a969d4846290e1e788ea44c1392163723c3bd", "f84be1bb0040caca4cea721fcbbbbd61f9be9464ca236387158b0feea01914a4",]
text-unidecode = [ "801e38bd550b943563660a91de8d4b6fa5df60a542be9093f7abf819f86050cc", "5a1375bb2ba7968740508ae38d92e1f889a0832913cb1c447d5e2046061a396d",]
